// !$*UTF8*$!
{
	archiveVersion = 1;
	classes = {
	};
	objectVersion = 56;
	objects = {

/* Begin PBXBuildFile section */
		C1117FBC2937111400EDBA05 /* TweetCell.swift in Sources */ = {isa = PBXBuildFile; fileRef = C1117FBB2937111400EDBA05 /* TweetCell.swift */; };
		C1117FBE293720F100EDBA05 /* TweetViewModel.swift in Sources */ = {isa = PBXBuildFile; fileRef = C1117FBD293720F100EDBA05 /* TweetViewModel.swift */; };
		C1996ECD29354A1E0093CE03 /* AppDelegate.swift in Sources */ = {isa = PBXBuildFile; fileRef = C1996ECC29354A1E0093CE03 /* AppDelegate.swift */; };
		C1996ECF29354A1E0093CE03 /* SceneDelegate.swift in Sources */ = {isa = PBXBuildFile; fileRef = C1996ECE29354A1E0093CE03 /* SceneDelegate.swift */; };
		C1996ED629354A1F0093CE03 /* Assets.xcassets in Resources */ = {isa = PBXBuildFile; fileRef = C1996ED529354A1F0093CE03 /* Assets.xcassets */; };
		C1996ED929354A1F0093CE03 /* LaunchScreen.storyboard in Resources */ = {isa = PBXBuildFile; fileRef = C1996ED729354A1F0093CE03 /* LaunchScreen.storyboard */; };
		C1996EE729354B2E0093CE03 /* MainTabController.swift in Sources */ = {isa = PBXBuildFile; fileRef = C1996EE629354B2E0093CE03 /* MainTabController.swift */; };
		C1996EE929354C270093CE03 /* FeedController.swift in Sources */ = {isa = PBXBuildFile; fileRef = C1996EE829354C270093CE03 /* FeedController.swift */; };
		C1996EEB29354C580093CE03 /* ExploreController.swift in Sources */ = {isa = PBXBuildFile; fileRef = C1996EEA29354C580093CE03 /* ExploreController.swift */; };
		C1996EED29354C5E0093CE03 /* NotificationsController.swift in Sources */ = {isa = PBXBuildFile; fileRef = C1996EEC29354C5E0093CE03 /* NotificationsController.swift */; };
		C1996EEF29354C680093CE03 /* ConversationsController.swift in Sources */ = {isa = PBXBuildFile; fileRef = C1996EEE29354C680093CE03 /* ConversationsController.swift */; };
		C1996EF129354D810093CE03 /* Extensions.swift in Sources */ = {isa = PBXBuildFile; fileRef = C1996EF029354D810093CE03 /* Extensions.swift */; };
		C1996EF4293559620093CE03 /* LoginController.swift in Sources */ = {isa = PBXBuildFile; fileRef = C1996EF3293559620093CE03 /* LoginController.swift */; };
		C1996EF6293559B70093CE03 /* RegistrationController.swift in Sources */ = {isa = PBXBuildFile; fileRef = C1996EF5293559B70093CE03 /* RegistrationController.swift */; };
		C1996EF829355DC20093CE03 /* Utilities.swift in Sources */ = {isa = PBXBuildFile; fileRef = C1996EF729355DC20093CE03 /* Utilities.swift */; };
		C1996EFB2935B1480093CE03 /* FirebaseAuth in Frameworks */ = {isa = PBXBuildFile; productRef = C1996EFA2935B1480093CE03 /* FirebaseAuth */; };
		C1996EFD2935B1480093CE03 /* FirebaseDatabase in Frameworks */ = {isa = PBXBuildFile; productRef = C1996EFC2935B1480093CE03 /* FirebaseDatabase */; };
		C1996EFF2935B1480093CE03 /* FirebaseFirestore in Frameworks */ = {isa = PBXBuildFile; productRef = C1996EFE2935B1480093CE03 /* FirebaseFirestore */; };
		C1996F012935B1480093CE03 /* FirebaseStorage in Frameworks */ = {isa = PBXBuildFile; productRef = C1996F002935B1480093CE03 /* FirebaseStorage */; };
		C1996F032935B2E70093CE03 /* GoogleService-Info.plist in Resources */ = {isa = PBXBuildFile; fileRef = C1996F022935B2E70093CE03 /* GoogleService-Info.plist */; };
		C1996F052935CA710093CE03 /* Constants.swift in Sources */ = {isa = PBXBuildFile; fileRef = C1996F042935CA710093CE03 /* Constants.swift */; };
		C1996F072935CF650093CE03 /* AuthService.swift in Sources */ = {isa = PBXBuildFile; fileRef = C1996F062935CF650093CE03 /* AuthService.swift */; };
		C1996F0929369FCE0093CE03 /* UserService.swift in Sources */ = {isa = PBXBuildFile; fileRef = C1996F0829369FCE0093CE03 /* UserService.swift */; };
		C1996F0B2936A4CF0093CE03 /* User.swift in Sources */ = {isa = PBXBuildFile; fileRef = C1996F0A2936A4CF0093CE03 /* User.swift */; };
		C1996F0D2936FD360093CE03 /* UploadTweetController.swift in Sources */ = {isa = PBXBuildFile; fileRef = C1996F0C2936FD350093CE03 /* UploadTweetController.swift */; };
		C1996F0F293706360093CE03 /* CaptionTextView.swift in Sources */ = {isa = PBXBuildFile; fileRef = C1996F0E293706360093CE03 /* CaptionTextView.swift */; };
		C1996F112937088E0093CE03 /* TweetService.swift in Sources */ = {isa = PBXBuildFile; fileRef = C1996F102937088E0093CE03 /* TweetService.swift */; };
		C1996F1329370AB70093CE03 /* Tweet.swift in Sources */ = {isa = PBXBuildFile; fileRef = C1996F1229370AB70093CE03 /* Tweet.swift */; };
/* End PBXBuildFile section */

/* Begin PBXFileReference section */
		C1117FBB2937111400EDBA05 /* TweetCell.swift */ = {isa = PBXFileReference; lastKnownFileType = sourcecode.swift; path = TweetCell.swift; sourceTree = "<group>"; };
		C1117FBD293720F100EDBA05 /* TweetViewModel.swift */ = {isa = PBXFileReference; lastKnownFileType = sourcecode.swift; path = TweetViewModel.swift; sourceTree = "<group>"; };
		C1996EC929354A1E0093CE03 /* TwitterClone.app */ = {isa = PBXFileReference; explicitFileType = wrapper.application; includeInIndex = 0; path = TwitterClone.app; sourceTree = BUILT_PRODUCTS_DIR; };
		C1996ECC29354A1E0093CE03 /* AppDelegate.swift */ = {isa = PBXFileReference; lastKnownFileType = sourcecode.swift; path = AppDelegate.swift; sourceTree = "<group>"; };
		C1996ECE29354A1E0093CE03 /* SceneDelegate.swift */ = {isa = PBXFileReference; lastKnownFileType = sourcecode.swift; path = SceneDelegate.swift; sourceTree = "<group>"; };
		C1996ED529354A1F0093CE03 /* Assets.xcassets */ = {isa = PBXFileReference; lastKnownFileType = folder.assetcatalog; path = Assets.xcassets; sourceTree = "<group>"; };
		C1996ED829354A1F0093CE03 /* Base */ = {isa = PBXFileReference; lastKnownFileType = file.storyboard; name = Base; path = Base.lproj/LaunchScreen.storyboard; sourceTree = "<group>"; };
		C1996EDA29354A1F0093CE03 /* Info.plist */ = {isa = PBXFileReference; lastKnownFileType = text.plist.xml; path = Info.plist; sourceTree = "<group>"; };
		C1996EE629354B2E0093CE03 /* MainTabController.swift */ = {isa = PBXFileReference; lastKnownFileType = sourcecode.swift; path = MainTabController.swift; sourceTree = "<group>"; };
		C1996EE829354C270093CE03 /* FeedController.swift */ = {isa = PBXFileReference; lastKnownFileType = sourcecode.swift; path = FeedController.swift; sourceTree = "<group>"; };
		C1996EEA29354C580093CE03 /* ExploreController.swift */ = {isa = PBXFileReference; lastKnownFileType = sourcecode.swift; path = ExploreController.swift; sourceTree = "<group>"; };
		C1996EEC29354C5E0093CE03 /* NotificationsController.swift */ = {isa = PBXFileReference; lastKnownFileType = sourcecode.swift; path = NotificationsController.swift; sourceTree = "<group>"; };
		C1996EEE29354C680093CE03 /* ConversationsController.swift */ = {isa = PBXFileReference; lastKnownFileType = sourcecode.swift; path = ConversationsController.swift; sourceTree = "<group>"; };
		C1996EF029354D810093CE03 /* Extensions.swift */ = {isa = PBXFileReference; fileEncoding = 4; lastKnownFileType = sourcecode.swift; path = Extensions.swift; sourceTree = "<group>"; };
		C1996EF3293559620093CE03 /* LoginController.swift */ = {isa = PBXFileReference; lastKnownFileType = sourcecode.swift; path = LoginController.swift; sourceTree = "<group>"; };
		C1996EF5293559B70093CE03 /* RegistrationController.swift */ = {isa = PBXFileReference; lastKnownFileType = sourcecode.swift; path = RegistrationController.swift; sourceTree = "<group>"; };
		C1996EF729355DC20093CE03 /* Utilities.swift */ = {isa = PBXFileReference; lastKnownFileType = sourcecode.swift; path = Utilities.swift; sourceTree = "<group>"; };
		C1996F022935B2E70093CE03 /* GoogleService-Info.plist */ = {isa = PBXFileReference; fileEncoding = 4; lastKnownFileType = text.plist.xml; path = "GoogleService-Info.plist"; sourceTree = "<group>"; };
		C1996F042935CA710093CE03 /* Constants.swift */ = {isa = PBXFileReference; lastKnownFileType = sourcecode.swift; path = Constants.swift; sourceTree = "<group>"; };
		C1996F062935CF650093CE03 /* AuthService.swift */ = {isa = PBXFileReference; lastKnownFileType = sourcecode.swift; path = AuthService.swift; sourceTree = "<group>"; };
		C1996F0829369FCE0093CE03 /* UserService.swift */ = {isa = PBXFileReference; lastKnownFileType = sourcecode.swift; path = UserService.swift; sourceTree = "<group>"; };
		C1996F0A2936A4CF0093CE03 /* User.swift */ = {isa = PBXFileReference; lastKnownFileType = sourcecode.swift; name = User.swift; path = TwitterClone/API/User.swift; sourceTree = SOURCE_ROOT; };
		C1996F0C2936FD350093CE03 /* UploadTweetController.swift */ = {isa = PBXFileReference; lastKnownFileType = sourcecode.swift; path = UploadTweetController.swift; sourceTree = "<group>"; };
		C1996F0E293706360093CE03 /* CaptionTextView.swift */ = {isa = PBXFileReference; lastKnownFileType = sourcecode.swift; path = CaptionTextView.swift; sourceTree = "<group>"; };
		C1996F102937088E0093CE03 /* TweetService.swift */ = {isa = PBXFileReference; lastKnownFileType = sourcecode.swift; path = TweetService.swift; sourceTree = "<group>"; };
		C1996F1229370AB70093CE03 /* Tweet.swift */ = {isa = PBXFileReference; lastKnownFileType = sourcecode.swift; name = Tweet.swift; path = TwitterClone/API/Tweet.swift; sourceTree = SOURCE_ROOT; };
/* End PBXFileReference section */

/* Begin PBXFrameworksBuildPhase section */
		C1996EC629354A1E0093CE03 /* Frameworks */ = {
			isa = PBXFrameworksBuildPhase;
			buildActionMask = 2147483647;
			files = (
				C1996EFD2935B1480093CE03 /* FirebaseDatabase in Frameworks */,
				C1996F012935B1480093CE03 /* FirebaseStorage in Frameworks */,
				C1996EFB2935B1480093CE03 /* FirebaseAuth in Frameworks */,
				C1996EFF2935B1480093CE03 /* FirebaseFirestore in Frameworks */,
			);
			runOnlyForDeploymentPostprocessing = 0;
		};
/* End PBXFrameworksBuildPhase section */

/* Begin PBXGroup section */
		C1996EC029354A1E0093CE03 = {
			isa = PBXGroup;
			children = (
				C1996ECB29354A1E0093CE03 /* TwitterClone */,
				C1996ECA29354A1E0093CE03 /* Products */,
			);
			sourceTree = "<group>";
		};
		C1996ECA29354A1E0093CE03 /* Products */ = {
			isa = PBXGroup;
			children = (
				C1996EC929354A1E0093CE03 /* TwitterClone.app */,
			);
			name = Products;
			sourceTree = "<group>";
		};
		C1996ECB29354A1E0093CE03 /* TwitterClone */ = {
			isa = PBXGroup;
			children = (
				C1996EE529354AC00093CE03 /* Utils */,
				C1996EE429354ABD0093CE03 /* API */,
				C1996EE329354AB70093CE03 /* Controllers */,
				C1996EE229354AA00093CE03 /* Model */,
				C1996EE129354A9F0093CE03 /* View */,
				C1996EE029354A8F0093CE03 /* ViewModel */,
				C1996ECC29354A1E0093CE03 /* AppDelegate.swift */,
				C1996ECE29354A1E0093CE03 /* SceneDelegate.swift */,
				C1996ED529354A1F0093CE03 /* Assets.xcassets */,
				C1996ED729354A1F0093CE03 /* LaunchScreen.storyboard */,
				C1996F022935B2E70093CE03 /* GoogleService-Info.plist */,
				C1996EDA29354A1F0093CE03 /* Info.plist */,
			);
			path = TwitterClone;
			sourceTree = "<group>";
		};
		C1996EE029354A8F0093CE03 /* ViewModel */ = {
			isa = PBXGroup;
			children = (
				C1117FBD293720F100EDBA05 /* TweetViewModel.swift */,
			);
			path = ViewModel;
			sourceTree = "<group>";
		};
		C1996EE129354A9F0093CE03 /* View */ = {
			isa = PBXGroup;
			children = (
				C1996F0E293706360093CE03 /* CaptionTextView.swift */,
				C1117FBB2937111400EDBA05 /* TweetCell.swift */,
			);
			path = View;
			sourceTree = "<group>";
		};
		C1996EE229354AA00093CE03 /* Model */ = {
			isa = PBXGroup;
			children = (
				C1996F0A2936A4CF0093CE03 /* User.swift */,
				C1996F1229370AB70093CE03 /* Tweet.swift */,
			);
			name = Model;
			path = "New Group1/Model";
			sourceTree = "<group>";
		};
		C1996EE329354AB70093CE03 /* Controllers */ = {
			isa = PBXGroup;
			children = (
				C1996EF22935594C0093CE03 /* Authentication */,
				C1996EE629354B2E0093CE03 /* MainTabController.swift */,
				C1996EE829354C270093CE03 /* FeedController.swift */,
				C1996EEA29354C580093CE03 /* ExploreController.swift */,
				C1996EEC29354C5E0093CE03 /* NotificationsController.swift */,
				C1996EEE29354C680093CE03 /* ConversationsController.swift */,
				C1996F0C2936FD350093CE03 /* UploadTweetController.swift */,
			);
			path = Controllers;
			sourceTree = "<group>";
		};
		C1996EE429354ABD0093CE03 /* API */ = {
			isa = PBXGroup;
			children = (
				C1996F062935CF650093CE03 /* AuthService.swift */,
				C1996F0829369FCE0093CE03 /* UserService.swift */,
				C1996F102937088E0093CE03 /* TweetService.swift */,
			);
			path = API;
			sourceTree = "<group>";
		};
		C1996EE529354AC00093CE03 /* Utils */ = {
			isa = PBXGroup;
			children = (
				C1996EF029354D810093CE03 /* Extensions.swift */,
				C1996EF729355DC20093CE03 /* Utilities.swift */,
				C1996F042935CA710093CE03 /* Constants.swift */,
			);
			path = Utils;
			sourceTree = "<group>";
		};
		C1996EF22935594C0093CE03 /* Authentication */ = {
			isa = PBXGroup;
			children = (
				C1996EF3293559620093CE03 /* LoginController.swift */,
				C1996EF5293559B70093CE03 /* RegistrationController.swift */,
			);
			path = Authentication;
			sourceTree = "<group>";
		};
/* End PBXGroup section */

/* Begin PBXNativeTarget section */
		C1996EC829354A1E0093CE03 /* TwitterClone */ = {
			isa = PBXNativeTarget;
			buildConfigurationList = C1996EDD29354A1F0093CE03 /* Build configuration list for PBXNativeTarget "TwitterClone" */;
			buildPhases = (
				C1996EC529354A1E0093CE03 /* Sources */,
				C1996EC629354A1E0093CE03 /* Frameworks */,
				C1996EC729354A1E0093CE03 /* Resources */,
			);
			buildRules = (
			);
			dependencies = (
			);
			name = TwitterClone;
			packageProductDependencies = (
				C1996EFA2935B1480093CE03 /* FirebaseAuth */,
				C1996EFC2935B1480093CE03 /* FirebaseDatabase */,
				C1996EFE2935B1480093CE03 /* FirebaseFirestore */,
				C1996F002935B1480093CE03 /* FirebaseStorage */,
			);
			productName = TwitterClone;
			productReference = C1996EC929354A1E0093CE03 /* TwitterClone.app */;
			productType = "com.apple.product-type.application";
		};
/* End PBXNativeTarget section */

/* Begin PBXProject section */
		C1996EC129354A1E0093CE03 /* Project object */ = {
			isa = PBXProject;
			attributes = {
				BuildIndependentTargetsInParallel = 1;
				LastSwiftUpdateCheck = 1410;
				LastUpgradeCheck = 1410;
				TargetAttributes = {
					C1996EC829354A1E0093CE03 = {
						CreatedOnToolsVersion = 14.1;
					};
				};
			};
			buildConfigurationList = C1996EC429354A1E0093CE03 /* Build configuration list for PBXProject "TwitterClone" */;
			compatibilityVersion = "Xcode 14.0";
			developmentRegion = en;
			hasScannedForEncodings = 0;
			knownRegions = (
				en,
				Base,
			);
			mainGroup = C1996EC029354A1E0093CE03;
			packageReferences = (
				C1996EF92935B1480093CE03 /* XCRemoteSwiftPackageReference "firebase-ios-sdk" */,
			);
			productRefGroup = C1996ECA29354A1E0093CE03 /* Products */;
			projectDirPath = "";
			projectRoot = "";
			targets = (
				C1996EC829354A1E0093CE03 /* TwitterClone */,
			);
		};
/* End PBXProject section */

/* Begin PBXResourcesBuildPhase section */
		C1996EC729354A1E0093CE03 /* Resources */ = {
			isa = PBXResourcesBuildPhase;
			buildActionMask = 2147483647;
			files = (
				C1996F032935B2E70093CE03 /* GoogleService-Info.plist in Resources */,
				C1996ED929354A1F0093CE03 /* LaunchScreen.storyboard in Resources */,
				C1996ED629354A1F0093CE03 /* Assets.xcassets in Resources */,
			);
			runOnlyForDeploymentPostprocessing = 0;
		};
/* End PBXResourcesBuildPhase section */

/* Begin PBXSourcesBuildPhase section */
		C1996EC529354A1E0093CE03 /* Sources */ = {
			isa = PBXSourcesBuildPhase;
			buildActionMask = 2147483647;
			files = (
				C1996F0929369FCE0093CE03 /* UserService.swift in Sources */,
				C1996EED29354C5E0093CE03 /* NotificationsController.swift in Sources */,
				C1996F0F293706360093CE03 /* CaptionTextView.swift in Sources */,
				C1996EEF29354C680093CE03 /* ConversationsController.swift in Sources */,
				C1996EF829355DC20093CE03 /* Utilities.swift in Sources */,
				C1996ECD29354A1E0093CE03 /* AppDelegate.swift in Sources */,
				C1996EF129354D810093CE03 /* Extensions.swift in Sources */,
				C1117FBC2937111400EDBA05 /* TweetCell.swift in Sources */,
				C1996EF4293559620093CE03 /* LoginController.swift in Sources */,
				C1996F072935CF650093CE03 /* AuthService.swift in Sources */,
				C1996F0D2936FD360093CE03 /* UploadTweetController.swift in Sources */,
				C1996F0B2936A4CF0093CE03 /* User.swift in Sources */,
				C1996EEB29354C580093CE03 /* ExploreController.swift in Sources */,
				C1996ECF29354A1E0093CE03 /* SceneDelegate.swift in Sources */,
				C1996EE729354B2E0093CE03 /* MainTabController.swift in Sources */,
				C1117FBE293720F100EDBA05 /* TweetViewModel.swift in Sources */,
				C1996EF6293559B70093CE03 /* RegistrationController.swift in Sources */,
				C1996EE929354C270093CE03 /* FeedController.swift in Sources */,
				C1996F052935CA710093CE03 /* Constants.swift in Sources */,
				C1996F1329370AB70093CE03 /* Tweet.swift in Sources */,
				C1996F112937088E0093CE03 /* TweetService.swift in Sources */,
			);
			runOnlyForDeploymentPostprocessing = 0;
		};
/* End PBXSourcesBuildPhase section */

/* Begin PBXVariantGroup section */
		C1996ED729354A1F0093CE03 /* LaunchScreen.storyboard */ = {
			isa = PBXVariantGroup;
			children = (
				C1996ED829354A1F0093CE03 /* Base */,
			);
			name = LaunchScreen.storyboard;
			sourceTree = "<group>";
		};
/* End PBXVariantGroup section */

/* Begin XCBuildConfiguration section */
		C1996EDB29354A1F0093CE03 /* Debug */ = {
			isa = XCBuildConfiguration;
			buildSettings = {
				ALWAYS_SEARCH_USER_PATHS = NO;
				CLANG_ANALYZER_NONNULL = YES;
				CLANG_ANALYZER_NUMBER_OBJECT_CONVERSION = YES_AGGRESSIVE;
				CLANG_CXX_LANGUAGE_STANDARD = "gnu++20";
				CLANG_ENABLE_MODULES = YES;
				CLANG_ENABLE_OBJC_ARC = YES;
				CLANG_ENABLE_OBJC_WEAK = YES;
				CLANG_WARN_BLOCK_CAPTURE_AUTORELEASING = YES;
				CLANG_WARN_BOOL_CONVERSION = YES;
				CLANG_WARN_COMMA = YES;
				CLANG_WARN_CONSTANT_CONVERSION = YES;
				CLANG_WARN_DEPRECATED_OBJC_IMPLEMENTATIONS = YES;
				CLANG_WARN_DIRECT_OBJC_ISA_USAGE = YES_ERROR;
				CLANG_WARN_DOCUMENTATION_COMMENTS = YES;
				CLANG_WARN_EMPTY_BODY = YES;
				CLANG_WARN_ENUM_CONVERSION = YES;
				CLANG_WARN_INFINITE_RECURSION = YES;
				CLANG_WARN_INT_CONVERSION = YES;
				CLANG_WARN_NON_LITERAL_NULL_CONVERSION = YES;
				CLANG_WARN_OBJC_IMPLICIT_RETAIN_SELF = YES;
				CLANG_WARN_OBJC_LITERAL_CONVERSION = YES;
				CLANG_WARN_OBJC_ROOT_CLASS = YES_ERROR;
				CLANG_WARN_QUOTED_INCLUDE_IN_FRAMEWORK_HEADER = YES;
				CLANG_WARN_RANGE_LOOP_ANALYSIS = YES;
				CLANG_WARN_STRICT_PROTOTYPES = YES;
				CLANG_WARN_SUSPICIOUS_MOVE = YES;
				CLANG_WARN_UNGUARDED_AVAILABILITY = YES_AGGRESSIVE;
				CLANG_WARN_UNREACHABLE_CODE = YES;
				CLANG_WARN__DUPLICATE_METHOD_MATCH = YES;
				COPY_PHASE_STRIP = NO;
				DEBUG_INFORMATION_FORMAT = dwarf;
				ENABLE_STRICT_OBJC_MSGSEND = YES;
				ENABLE_TESTABILITY = YES;
				GCC_C_LANGUAGE_STANDARD = gnu11;
				GCC_DYNAMIC_NO_PIC = NO;
				GCC_NO_COMMON_BLOCKS = YES;
				GCC_OPTIMIZATION_LEVEL = 0;
				GCC_PREPROCESSOR_DEFINITIONS = (
					"DEBUG=1",
					"$(inherited)",
				);
				GCC_WARN_64_TO_32_BIT_CONVERSION = YES;
				GCC_WARN_ABOUT_RETURN_TYPE = YES_ERROR;
				GCC_WARN_UNDECLARED_SELECTOR = YES;
				GCC_WARN_UNINITIALIZED_AUTOS = YES_AGGRESSIVE;
				GCC_WARN_UNUSED_FUNCTION = YES;
				GCC_WARN_UNUSED_VARIABLE = YES;
				IPHONEOS_DEPLOYMENT_TARGET = 16.1;
				MTL_ENABLE_DEBUG_INFO = INCLUDE_SOURCE;
				MTL_FAST_MATH = YES;
				ONLY_ACTIVE_ARCH = YES;
				SDKROOT = iphoneos;
				SWIFT_ACTIVE_COMPILATION_CONDITIONS = DEBUG;
				SWIFT_OPTIMIZATION_LEVEL = "-Onone";
			};
			name = Debug;
		};
		C1996EDC29354A1F0093CE03 /* Release */ = {
			isa = XCBuildConfiguration;
			buildSettings = {
				ALWAYS_SEARCH_USER_PATHS = NO;
				CLANG_ANALYZER_NONNULL = YES;
				CLANG_ANALYZER_NUMBER_OBJECT_CONVERSION = YES_AGGRESSIVE;
				CLANG_CXX_LANGUAGE_STANDARD = "gnu++20";
				CLANG_ENABLE_MODULES = YES;
				CLANG_ENABLE_OBJC_ARC = YES;
				CLANG_ENABLE_OBJC_WEAK = YES;
				CLANG_WARN_BLOCK_CAPTURE_AUTORELEASING = YES;
				CLANG_WARN_BOOL_CONVERSION = YES;
				CLANG_WARN_COMMA = YES;
				CLANG_WARN_CONSTANT_CONVERSION = YES;
				CLANG_WARN_DEPRECATED_OBJC_IMPLEMENTATIONS = YES;
				CLANG_WARN_DIRECT_OBJC_ISA_USAGE = YES_ERROR;
				CLANG_WARN_DOCUMENTATION_COMMENTS = YES;
				CLANG_WARN_EMPTY_BODY = YES;
				CLANG_WARN_ENUM_CONVERSION = YES;
				CLANG_WARN_INFINITE_RECURSION = YES;
				CLANG_WARN_INT_CONVERSION = YES;
				CLANG_WARN_NON_LITERAL_NULL_CONVERSION = YES;
				CLANG_WARN_OBJC_IMPLICIT_RETAIN_SELF = YES;
				CLANG_WARN_OBJC_LITERAL_CONVERSION = YES;
				CLANG_WARN_OBJC_ROOT_CLASS = YES_ERROR;
				CLANG_WARN_QUOTED_INCLUDE_IN_FRAMEWORK_HEADER = YES;
				CLANG_WARN_RANGE_LOOP_ANALYSIS = YES;
				CLANG_WARN_STRICT_PROTOTYPES = YES;
				CLANG_WARN_SUSPICIOUS_MOVE = YES;
				CLANG_WARN_UNGUARDED_AVAILABILITY = YES_AGGRESSIVE;
				CLANG_WARN_UNREACHABLE_CODE = YES;
				CLANG_WARN__DUPLICATE_METHOD_MATCH = YES;
				COPY_PHASE_STRIP = NO;
				DEBUG_INFORMATION_FORMAT = "dwarf-with-dsym";
				ENABLE_NS_ASSERTIONS = NO;
				ENABLE_STRICT_OBJC_MSGSEND = YES;
				GCC_C_LANGUAGE_STANDARD = gnu11;
				GCC_NO_COMMON_BLOCKS = YES;
				GCC_WARN_64_TO_32_BIT_CONVERSION = YES;
				GCC_WARN_ABOUT_RETURN_TYPE = YES_ERROR;
				GCC_WARN_UNDECLARED_SELECTOR = YES;
				GCC_WARN_UNINITIALIZED_AUTOS = YES_AGGRESSIVE;
				GCC_WARN_UNUSED_FUNCTION = YES;
				GCC_WARN_UNUSED_VARIABLE = YES;
				IPHONEOS_DEPLOYMENT_TARGET = 16.1;
				MTL_ENABLE_DEBUG_INFO = NO;
				MTL_FAST_MATH = YES;
				SDKROOT = iphoneos;
				SWIFT_COMPILATION_MODE = wholemodule;
				SWIFT_OPTIMIZATION_LEVEL = "-O";
				VALIDATE_PRODUCT = YES;
			};
			name = Release;
		};
		C1996EDE29354A1F0093CE03 /* Debug */ = {
			isa = XCBuildConfiguration;
			buildSettings = {
				ASSETCATALOG_COMPILER_APPICON_NAME = AppIcon;
				ASSETCATALOG_COMPILER_GLOBAL_ACCENT_COLOR_NAME = AccentColor;
				CODE_SIGN_STYLE = Automatic;
				CURRENT_PROJECT_VERSION = 1;
				DEVELOPMENT_TEAM = QQ6QSKRB6L;
				GENERATE_INFOPLIST_FILE = YES;
				INFOPLIST_FILE = TwitterClone/Info.plist;
				INFOPLIST_KEY_UIApplicationSupportsIndirectInputEvents = YES;
				INFOPLIST_KEY_UILaunchStoryboardName = LaunchScreen;
				INFOPLIST_KEY_UISupportedInterfaceOrientations_iPad = "UIInterfaceOrientationPortrait UIInterfaceOrientationPortraitUpsideDown UIInterfaceOrientationLandscapeLeft UIInterfaceOrientationLandscapeRight";
				INFOPLIST_KEY_UISupportedInterfaceOrientations_iPhone = "UIInterfaceOrientationPortrait UIInterfaceOrientationLandscapeLeft UIInterfaceOrientationLandscapeRight";
				LD_RUNPATH_SEARCH_PATHS = (
					"$(inherited)",
					"@executable_path/Frameworks",
				);
				MARKETING_VERSION = 1.0;
				PRODUCT_BUNDLE_IDENTIFIER = com.hugosilvag6.TwitterClone;
				PRODUCT_NAME = "$(TARGET_NAME)";
				SWIFT_EMIT_LOC_STRINGS = YES;
				SWIFT_VERSION = 5.0;
				TARGETED_DEVICE_FAMILY = "1,2";
			};
			name = Debug;
		};
		C1996EDF29354A1F0093CE03 /* Release */ = {
			isa = XCBuildConfiguration;
			buildSettings = {
				ASSETCATALOG_COMPILER_APPICON_NAME = AppIcon;
				ASSETCATALOG_COMPILER_GLOBAL_ACCENT_COLOR_NAME = AccentColor;
				CODE_SIGN_STYLE = Automatic;
				CURRENT_PROJECT_VERSION = 1;
				DEVELOPMENT_TEAM = QQ6QSKRB6L;
				GENERATE_INFOPLIST_FILE = YES;
				INFOPLIST_FILE = TwitterClone/Info.plist;
				INFOPLIST_KEY_UIApplicationSupportsIndirectInputEvents = YES;
				INFOPLIST_KEY_UILaunchStoryboardName = LaunchScreen;
				INFOPLIST_KEY_UISupportedInterfaceOrientations_iPad = "UIInterfaceOrientationPortrait UIInterfaceOrientationPortraitUpsideDown UIInterfaceOrientationLandscapeLeft UIInterfaceOrientationLandscapeRight";
				INFOPLIST_KEY_UISupportedInterfaceOrientations_iPhone = "UIInterfaceOrientationPortrait UIInterfaceOrientationLandscapeLeft UIInterfaceOrientationLandscapeRight";
				LD_RUNPATH_SEARCH_PATHS = (
					"$(inherited)",
					"@executable_path/Frameworks",
				);
				MARKETING_VERSION = 1.0;
				PRODUCT_BUNDLE_IDENTIFIER = com.hugosilvag6.TwitterClone;
				PRODUCT_NAME = "$(TARGET_NAME)";
				SWIFT_EMIT_LOC_STRINGS = YES;
				SWIFT_VERSION = 5.0;
				TARGETED_DEVICE_FAMILY = "1,2";
			};
			name = Release;
		};
/* End XCBuildConfiguration section */

/* Begin XCConfigurationList section */
		C1996EC429354A1E0093CE03 /* Build configuration list for PBXProject "TwitterClone" */ = {
			isa = XCConfigurationList;
			buildConfigurations = (
				C1996EDB29354A1F0093CE03 /* Debug */,
				C1996EDC29354A1F0093CE03 /* Release */,
			);
			defaultConfigurationIsVisible = 0;
			defaultConfigurationName = Release;
		};
		C1996EDD29354A1F0093CE03 /* Build configuration list for PBXNativeTarget "TwitterClone" */ = {
			isa = XCConfigurationList;
			buildConfigurations = (
				C1996EDE29354A1F0093CE03 /* Debug */,
				C1996EDF29354A1F0093CE03 /* Release */,
			);
			defaultConfigurationIsVisible = 0;
			defaultConfigurationName = Release;
		};
/* End XCConfigurationList section */

/* Begin XCRemoteSwiftPackageReference section */
		C1996EF92935B1480093CE03 /* XCRemoteSwiftPackageReference "firebase-ios-sdk" */ = {
			isa = XCRemoteSwiftPackageReference;
			repositoryURL = "https://github.com/firebase/firebase-ios-sdk";
			requirement = {
				branch = master;
				kind = branch;
			};
		};
/* End XCRemoteSwiftPackageReference section */

/* Begin XCSwiftPackageProductDependency section */
		C1996EFA2935B1480093CE03 /* FirebaseAuth */ = {
			isa = XCSwiftPackageProductDependency;
			package = C1996EF92935B1480093CE03 /* XCRemoteSwiftPackageReference "firebase-ios-sdk" */;
			productName = FirebaseAuth;
		};
		C1996EFC2935B1480093CE03 /* FirebaseDatabase */ = {
			isa = XCSwiftPackageProductDependency;
			package = C1996EF92935B1480093CE03 /* XCRemoteSwiftPackageReference "firebase-ios-sdk" */;
			productName = FirebaseDatabase;
		};
		C1996EFE2935B1480093CE03 /* FirebaseFirestore */ = {
			isa = XCSwiftPackageProductDependency;
			package = C1996EF92935B1480093CE03 /* XCRemoteSwiftPackageReference "firebase-ios-sdk" */;
			productName = FirebaseFirestore;
		};
		C1996F002935B1480093CE03 /* FirebaseStorage */ = {
			isa = XCSwiftPackageProductDependency;
			package = C1996EF92935B1480093CE03 /* XCRemoteSwiftPackageReference "firebase-ios-sdk" */;
			productName = FirebaseStorage;
		};
/* End XCSwiftPackageProductDependency section */
	};
	rootObject = C1996EC129354A1E0093CE03 /* Project object */;
}
